
Microsoft Visual Studio Solution File, Format Version 12.00
# Visual Studio Version 17
VisualStudioVersion = 17.9.34723.18
MinimumVisualStudioVersion = 10.0.40219.1
Project("{FAE04EC0-301F-11D3-BF4B-00C04F79EFBC}") = "Isas_Pizza", "Isas_Pizza.csproj", "{06002E4E-2377-4E15-A5EC-B8C7544274BA}"
EndProject
Global
	GlobalSection(SolutionConfigurationPlatforms) = preSolution
		Debug|Any CPU = Debug|Any CPU
		Release|Any CPU = Release|Any CPU
	EndGlobalSection
	GlobalSection(ProjectConfigurationPlatforms) = postSolution
		{06002E4E-2377-4E15-A5EC-B8C7544274BA}.Debug|Any CPU.ActiveCfg = Debug|Any CPU
		{06002E4E-2377-4E15-A5EC-B8C7544274BA}.Debug|Any CPU.Build.0 = Debug|Any CPU
		{06002E4E-2377-4E15-A5EC-B8C7544274BA}.Release|Any CPU.ActiveCfg = Release|Any CPU
		{06002E4E-2377-4E15-A5EC-B8C7544274BA}.Release|Any CPU.Build.0 = Release|Any CPU
	EndGlobalSection
	GlobalSection(SolutionProperties) = preSolution
		HideSolutionNode = FALSE
	EndGlobalSection
	GlobalSection(ExtensibilityGlobals) = postSolution
		SolutionGuid = {2B234F0B-512D-4DFF-9F4B-A69BBF7816DB}
	EndGlobalSection
EndGlobal
